# This file was autogenerated by uv via the following command:
#    uv export --project harness/apps/temp-box --frozen --no-dev --no-emit-project --output-file harness/apps/temp-box/requirements.lock
blinker==1.9.0 \
    --hash=sha256:b4ce2265a7abece45e7cc896e98dbebe6cead56bcf805a3d23136d145f5445bf \
    --hash=sha256:ba0efaa9080b619ff2f3459d1d500c57bddea4a6b424b60a91141db6fd2f08bc
    # via flask
cffi==2.1.1 ; platform_python_implementation != 'PyPy' \
    --hash=sha256:19ee6127ee34de7d83ce3d371ebc5ed91addbdcc39f9ab15ce4eb35a4e534971 \
    --hash=sha256:1aa5645c30469b09530c4ebca77ebf8f17618293c58f8549cb1a543a50236e7d \
    --hash=sha256:31348097ff5bbe827ccc41795d4dd099d9f0625e7def00ee653c137a490c2a6c \
    --hash=sha256:334644fbac4eff73d985a17a91226df55d0f394160c4cfb880e084c8f7161cac \
    --hash=sha256:63bbfd5ded17c4840ac07cd8f1c21ba9d9708141f840b324f422f41b207e3973 \
    --hash=sha256:6a8dddef476fab96d066d578fc88526767b836ab5ab21754e1d5bf3879c31c7c \
    --hash=sha256:9d2055050ea716bd38b7f7f1579c275386646b4894c155a3e2f3cd62ed41b7c6 \
    --hash=sha256:a2d7755bef5a12ed488f4ef1f1b69ee9191d7396083b755a5d2295f6edb4768b \
    --hash=sha256:a931079504ecc49efed7744c476a5c343a92fabf66dec2db95edb1b2fdc770e2 \
    --hash=sha256:aa9511c62d14da7aacc9b4bf51f3f697a621e83b2d6919008243c3aad168eea3 \
    --hash=sha256:b5bdfd1c873d4e093aabc0ca84c4ca6dbc4f752afb5c86f146d9742580c9da2e \
    --hash=sha256:dd31f52ea1086513bb9df30f8fcee9b8918323ae067a3d5b78bc826a000712be \
    --hash=sha256:e0bcb7e0f677f543555d2adff3bf19c05f66cdb4796e5ff602442ab2fe3c4ef7 \
    --hash=sha256:f16c709686a78c727bbbf059f92b0bf41c6fc60deec706d2dc19f529175a6125 \
    --hash=sha256:fcd22650c908d7b7da162bbfaab594a1227a15d1643a98c68b122ac642fa2264
    # via cryptography
click==8.5.0 \
    --hash=sha256:255bc9599cf7748b4b1a446ccc735421bd08a2ae529a8b88597d3de5664ee360 \
    --hash=sha256:ba0d2089de75ea0310e2dde03160e6ca10009947fb95a182f9b54021bb272e34
    # via flask
cryptography==50.0.2 \
    --hash=sha256:0ddc924c04591c2811ca024d62ecad4f7f6f08af8939c211438f48a16bd23602 \
    --hash=sha256:0ec5f09541743261e66e291b4a0cbf0fb2997aeaab6d9e9c740b9dba1b58d1c2 \
    --hash=sha256:1981f1db4630889b9ef7803fadef12b056f428cb6b85c27ba57b774793b6093c \
    --hash=sha256:25784ce8b9621c90c643efb9e1e2162ab3b0224cae446ad5e70e7fcb1ce18b51 \
    --hash=sha256:4061c0079120205fb760c58acab6443e217307dcf05e3702cf970e0689972856 \
    --hash=sha256:4e81d95e5bafc2d6e34e4bed780e53e4d5b9a2f928573428aa4d35fbec1eb0de \
    --hash=sha256:58a0c478eeca76fe5e07993c5a0703def34a6dc6a0cda4f5564639b33112ffe7 \
    --hash=sha256:58ddb5a8e3179d12f19e4ea34d2d32e9d63a4baa142c875c1eb59f41b7243acd \
    --hash=sha256:630ebfea3bf689d075f82316324ff7433dc447fe6bc1bfc76524b74b4a9567d2 \
    --hash=sha256:6f8700550aa1474a91e5dc07049c46f98b423b5b1ddd0483e0b51362eeeaf5be \
    --hash=sha256:79def8d059362e7831389ed3be0ecdf58a89386e1271e35dd9f5af84e81bffd0 \
    --hash=sha256:7a8701d6b584d76e909e3d305b7d126b41439876a5aaf76cddc67fc230eafa2e \
    --hash=sha256:7afa5a6602a9f29af1f3a2965f831bae7c9d5d597b7cbb716d41ab3b7d89879c \
    --hash=sha256:7b46165bb56eb4704e2eaaf86f3c940d19154535d9b0ca7d6d590b04060e00d5 \
    --hash=sha256:85d0d9a31b9098e98534226d5686b47264b95e62ce459dc2e62fdfc809f9fe93 \
    --hash=sha256:87e9ce85beb6b328ba370cc6e6aea483c92617b4c95b1d33a49297eb662bfb04 \
    --hash=sha256:9c8402a82ea0dc4ceeab793db05f0fafa8ca139ca34fcde5df0f596103c74107 \
    --hash=sha256:9dab55f57c74c3cad24c323bacbbd04be4705ba6eb0d92e920b1fc4837ed5079 \
    --hash=sha256:a582ab2ae1d34f67112cadc86702774c9ea4374df6bca6afe672817203c99134 \
    --hash=sha256:a6557e5f38e065ca9fbdaf7cfc7435ecb1d113aa81a022d1b51921ee7432e227 \
    --hash=sha256:ac9ed99d81760c62fe89d5f0815cdfa1ba9a35141cf30f1c2d044f04b4803d2e \
    --hash=sha256:b13478603dcd0a2479ff8e87e2c19a7d525734686fe3c49542472293a204212d \
    --hash=sha256:c423ab384a46c4dff7217b2ea5ba2e11cffdeab6441acd04cf65a369caf0366c \
    --hash=sha256:c5e67125c7dca78d199ec4e116aa93dbb83494808ecbb8211a2cb09b1bf41dbd \
    --hash=sha256:c71be1cbfa5cd9a41ee452acf1eccd82b2c05950358b106ec8ceb83411d1a020 \
    --hash=sha256:cbc8738fd8526d80f35cb3a40d41f41a2e7030bb3b18b09a6778ef63d291c2fd \
    --hash=sha256:ce47f66801c20ec6c6632453bb5960fe38939e9306970b48b3a5a26de7745d94 \
    --hash=sha256:d370b8d1dfcdf7130178137f6fbee6140774a1acc6cacefc4b42643ec11d0a3a \
    --hash=sha256:d38cdff612d06fa6a32840d5e1b1f7a27cee4a349aa9085d94a67789d6bfd408 \
    --hash=sha256:dfe9763530994147d9af1def057a5b9658b00e8f8fe8743d144d1e0911c2e454 \
    --hash=sha256:e105ab60406787da31fccc883fc0f733af1efd78f0136a4599692c4083a73d0c \
    --hash=sha256:e275096ea1e60cc595cda2836fd4a6c725d1125108b868be17f53684d164e2cc \
    --hash=sha256:edc3342adf8f697fc5f59c887a304356f147b397809440ed64e2fa6af2f50f37 \
    --hash=sha256:ee247f5c245c9a2fe7c8e2214e295918838e44e00a45a6718451e4004219e767 \
    --hash=sha256:f21e8a22c8605750c7af886bab299a363721264061b4ac0a30efb73cfd58efc5 \
    --hash=sha256:f265528741e048bce55c3463ed721fb0aa45a5888d8add8cfeccb3035451bbdc \
    --hash=sha256:f2f9bd7f90c64fe89253f0a2c05e3c4856072660429ce8831b4235bf29403a67 \
    --hash=sha256:f9f6143a8c75945eb960d9eb98905a441394abfa24afaae239d514ffb2586480 \
    --hash=sha256:fa8f5efb344d6908a1ce62f4a24e2e5780f825d6f53f5f50ec5ffacac72936cb \
    --hash=sha256:fdd28f912fccfec1846a94e2e1e8f9b0012f557f0c46fe4f3eb0d7a87afcf90b
    # via pymysql
flask==3.1.2 \
    --hash=sha256:bf656c15c80190ed628ad08cdfd3aaa35beb087855e2f494910aa3774cc4fd87 \
    --hash=sha256:ca1d8112ec8a6158cc29ea4858963350011b5c846a414cdb7a954aa9e967d03c
    # via ddak-flaskr
greenlet==3.5.6 ; platform_machine == 'AMD64' or platform_machine == 'WIN32' or platform_machine == 'aarch64' or platform_machine == 'amd64' or platform_machine == 'ppc64le' or platform_machine == 'win32' or platform_machine == 'x86_64' \
    --hash=sha256:06c0e933290fba8ffe53ead4ae1b8044b0e9754b75cebf381aa2bc3e50d82fac \
    --hash=sha256:5b602b4201b965a8354d74e232364a66ff243dd142e350d035f46169bb36e13d \
    --hash=sha256:876077e7ebb8c84ed068e2b23d4c62ebb010d60df84b9591af1be2f39010ffb2 \
    --hash=sha256:8e67c43bdfc88d5fee6db0d3e40175b362fc95fb85f0412d233b9b203c53a575 \
    --hash=sha256:c75116c9de79949de23006e2d9b35ee82874c594fcf5c0311b439acaa14b8441 \
    --hash=sha256:cad5782f93f7f738b62c6527b6f32a60694d924029f299a8b524758cfa53d815 \
    --hash=sha256:df19e2d0b1620039af5102563fbd96e8938c7f5c3f5828528d641d9fc585525e \
    --hash=sha256:f96f0e30b5a95c7631b12bfe214cbc90ec8fe8cfa36920596c10514a65743519 \
    --hash=sha256:f98e8215e172f567ce80eeaed9107fb4d32b6c44f26983d9b8334658136a205a
    # via sqlalchemy
gunicorn==23.0.0 \
    --hash=sha256:ec400d38950de4dfd418cff8328b2c8faed0edb0d517d3394e457c317908ca4d \
    --hash=sha256:f014447a0101dc57e294f6c18ca6b40227a4c90e9bdb586042628030cba004ec
    # via ddak-flaskr
itsdangerous==2.2.0 \
    --hash=sha256:c6242fc49e35958c8b15141343aa660db5fc54d4f13a1db01a3f5891b98700ef \
    --hash=sha256:e0050c0b7da1eea53ffaf149c0cfbb5c6e2e2b69c4bef22c81fa6eb73e5f6173
    # via flask
jinja2==3.1.6 \
    --hash=sha256:0137fb05990d35f1275a587e9aee6d56da821fc83491a0fb838183be43f66d6d \
    --hash=sha256:85ece4451f492d0c13c5dd7c13a64681a86afae63a5f347908daf103ce6d2f67
    # via flask
markupsafe==3.0.3 \
    --hash=sha256:116bb52f642a37c115f517494ea5feb03889e04df47eeff5b130b1808ce7c219 \
    --hash=sha256:12c63dfb4a98206f045aa9563db46507995f7ef6d83b2f68eda65c307c6829eb \
    --hash=sha256:133a43e73a802c5562be9bbcd03d090aa5a1fe899db609c29e8c8d815c5f6de6 \
    --hash=sha256:1b4b79e8ebf6b55351f0d91fe80f893b4743f104bff22e90697db1590e47a218 \
    --hash=sha256:218551f6df4868a8d527e3062d0fb968682fe92054e89978594c28e642c43a73 \
    --hash=sha256:3524b778fe5cfb3452a09d31e7b5adefeea8c5be1d43c4f810ba09f2ceb29d37 \
    --hash=sha256:4e885a3d1efa2eadc93c894a21770e4bc67899e3543680313b09f139e149ab19 \
    --hash=sha256:509fa21c6deb7a7a273d629cf5ec029bc209d1a51178615ddf718f5918992ab9 \
    --hash=sha256:69c0b73548bc525c8cb9a251cddf1931d1db4d2258e9599c28c07ef3580ef354 \
    --hash=sha256:722695808f4b6457b320fdc131280796bdceb04ab50fe1795cd540799ebe1698 \
    --hash=sha256:795e7751525cae078558e679d646ae45574b47ed6e7771863fcc079a6171a0fc \
    --hash=sha256:7e68f88e5b8799aa49c85cd116c932a1ac15caaa3f5db09087854d218359e485 \
    --hash=sha256:8485f406a96febb5140bfeca44a73e3ce5116b2501ac54fe953e488fb1d03b12 \
    --hash=sha256:8709b08f4a89aa7586de0aadc8da56180242ee0ada3999749b183aa23df95025 \
    --hash=sha256:8f71bc33915be5186016f675cd83a1e08523649b0e33efdb898db577ef5bb009 \
    --hash=sha256:9a1abfdc021a164803f4d485104931fb8f8c1efd55bc6b748d2f5774e78b62c5 \
    --hash=sha256:9b79b7a16f7fedff2495d684f2b59b0457c3b493778c9eed31111be64d58279f \
    --hash=sha256:a4afe79fb3de0b7097d81da19090f4df4f8d3a2b3adaa8764138aac2e44f3af1 \
    --hash=sha256:ad2cf8aa28b8c020ab2fc8287b0f823d0a7d8630784c31e9ee5edea20f406287 \
    --hash=sha256:b8512a91625c9b3da6f127803b166b629725e68af71f8184ae7e7d54686a56d6 \
    --hash=sha256:bdd37121970bfd8be76c5fb069c7751683bdf373db1ed6c010162b2a130248ed \
    --hash=sha256:ccfcd093f13f0f0b7fdd0f198b90053bf7b2f02a3927a30e63f3ccc9df56b676 \
    --hash=sha256:e1cf1972137e83c5d4c136c43ced9ac51d0e124706ee1c8aa8532c1287fa8795
    # via
    #   flask
    #   jinja2
    #   werkzeug
packaging==26.3 \
    --hash=sha256:94edc256424af38762eb31306eed28beb9f0efc50a8837492c9d6fd6004aed79 \
    --hash=sha256:d7193f7c8e4e93f444fde0262bf90af30e16fa0ad0ad44cb553c87339b23cd1c
    # via gunicorn
pycparser==3.0 ; implementation_name != 'PyPy' and platform_python_implementation != 'PyPy' \
    --hash=sha256:600f49d217304a5902ac3c37e1281c9fe94e4d0489de643a9504c5cdfdfc6b29 \
    --hash=sha256:b727414169a36b7d524c1c3e31839a521725078d7b2ff038656844266160a992
    # via cffi
pymysql==1.2.3 \
    --hash=sha256:14f1c68e2ed859243ae5ca41ffbe677027fc46bc136a9f0be8a4e928e5e7415a \
    --hash=sha256:d5b288529782e536ae171866df3ca9dc4f6cbfb3cc2f18e6f837fbb90dbc262b
    # via ddak-flaskr
sqlalchemy==2.0.54 \
    --hash=sha256:264460333ed0b177cbb1956355d0ee4e0cab83fb415c934ce12a25db2e7be39c \
    --hash=sha256:31d5458672a6f72db2c087f4a5098b3c8503ea0254186ff29205d63afa9401a4 \
    --hash=sha256:48611087a75d26d798003645c688c7d3cfc26b89dbe4a2c568d6b378d330deae \
    --hash=sha256:7e33a631ab1474f8fe6b910bd1a07b7b8009c4c78cdd3fb18001b03e3bc2e1d2 \
    --hash=sha256:b374e3bc91e246a942592a98ba6a23be76fff21358b00546ac8c0ebc0fd0e00b \
    --hash=sha256:baa8521e8ee9f24e75dfc7aaabc08020e551ef0d48d7c3e3536f5cddf277586b \
    --hash=sha256:cad78d04254967bdbcccbed5e631d88fe4868530946ab0929aa45e9032849518 \
    --hash=sha256:cf89e92bf0d4204a6afcc17af27b9271ed9c7e34e17d6f80c085d431ea4a1747 \
    --hash=sha256:d6adf80277372a89910a0f3ccfe960b846d279dc55b366dd5c5ec07f41c84758
    # via ddak-flaskr
typing-extensions==4.16.0 \
    --hash=sha256:481caa481374e813c1b176ada14e97f1f67a4539ce9cfeb3f350d78d6370c2e8 \
    --hash=sha256:dc983d19a509c94dba722ee6abd33940f7c05a89e243c47e907eb4db6f1a43e5
    # via sqlalchemy
werkzeug==3.1.9 \
    --hash=sha256:55ca7c70a75689be937aa27f8ff4b018f06ff4838fc73045560bf0f5a1291060 \
    --hash=sha256:6392e50c78460ba618e5b21f08a71f59c99ce99cdc6cf6e3dd7e6ccca8754fab
    # via flask
